
Microsoft Visual Studio Solution File, Format Version 12.00
# Visual Studio 15
VisualStudioVersion = 15.0.27130.2010
MinimumVisualStudioVersion = 10.0.40219.1
Project("{FAE04EC0-301F-11D3-BF4B-00C04F79EFBC}") = "About-Me-Quiz", "About-Me-Quiz\About-Me-Quiz.csproj", "{7BB99C55-E7A3-4E86-A5F4-E80E929B056A}"
EndProject
Global
	GlobalSection(SolutionConfigurationPlatforms) = preSolution
		Debug|Any CPU = Debug|Any CPU
		Release|Any CPU = Release|Any CPU
	EndGlobalSection
	GlobalSection(ProjectConfigurationPlatforms) = postSolution
		{7BB99C55-E7A3-4E86-A5F4-E80E929B056A}.Debug|Any CPU.ActiveCfg = Debug|Any CPU
		{7BB99C55-E7A3-4E86-A5F4-E80E929B056A}.Debug|Any CPU.Build.0 = Debug|Any CPU
		{7BB99C55-E7A3-4E86-A5F4-E80E929B056A}.Release|Any CPU.ActiveCfg = Release|Any CPU
		{7BB99C55-E7A3-4E86-A5F4-E80E929B056A}.Release|Any CPU.Build.0 = Release|Any CPU
	EndGlobalSection
	GlobalSection(SolutionProperties) = preSolution
		HideSolutionNode = FALSE
	EndGlobalSection
	GlobalSection(ExtensibilityGlobals) = postSolution
		SolutionGuid = {F7C75F13-9EFC-4E28-9BB5-951763E0A30C}
	EndGlobalSection
EndGlobal
